
Microsoft Visual Studio Solution File, Format Version 12.00
# Visual Studio Version 16
VisualStudioVersion = 16.0.29209.62
MinimumVisualStudioVersion = 10.0.40219.1
Project("{9A19103F-16F7-4668-BE54-9A1E7A4F7556}") = "Task01", "..\Task01\Task01.csproj", "{6FD2D311-2B40-4D34-A183-583BF89D6B58}"
EndProject
Project("{9A19103F-16F7-4668-BE54-9A1E7A4F7556}") = "Task02", "..\Task02\Task02.csproj", "{3BC45161-1014-4EA7-9938-88809961B3BB}"
EndProject
Global
	GlobalSection(SolutionConfigurationPlatforms) = preSolution
		Debug|Any CPU = Debug|Any CPU
		Release|Any CPU = Release|Any CPU
	EndGlobalSection
	GlobalSection(ProjectConfigurationPlatforms) = postSolution
		{6FD2D311-2B40-4D34-A183-583BF89D6B58}.Debug|Any CPU.ActiveCfg = Debug|Any CPU
		{6FD2D311-2B40-4D34-A183-583BF89D6B58}.Debug|Any CPU.Build.0 = Debug|Any CPU
		{6FD2D311-2B40-4D34-A183-583BF89D6B58}.Release|Any CPU.ActiveCfg = Release|Any CPU
		{6FD2D311-2B40-4D34-A183-583BF89D6B58}.Release|Any CPU.Build.0 = Release|Any CPU
		{3BC45161-1014-4EA7-9938-88809961B3BB}.Debug|Any CPU.ActiveCfg = Debug|Any CPU
		{3BC45161-1014-4EA7-9938-88809961B3BB}.Debug|Any CPU.Build.0 = Debug|Any CPU
		{3BC45161-1014-4EA7-9938-88809961B3BB}.Release|Any CPU.ActiveCfg = Release|Any CPU
		{3BC45161-1014-4EA7-9938-88809961B3BB}.Release|Any CPU.Build.0 = Release|Any CPU
	EndGlobalSection
	GlobalSection(SolutionProperties) = preSolution
		HideSolutionNode = FALSE
	EndGlobalSection
	GlobalSection(ExtensibilityGlobals) = postSolution
		SolutionGuid = {0490D53D-9F63-4C52-8D7D-637BB8BD6992}
	EndGlobalSection
EndGlobal
